// !$*UTF8*$!
{
	archiveVersion = 1;
	classes = {
	};
	objectVersion = 56;
	objects = {

/* Begin PBXBuildFile section */
		8A4C232629753FDB0077A6B2 /* SDWebImageSwiftUI in Frameworks */ = {isa = PBXBuildFile; productRef = 8A4C232529753FDB0077A6B2 /* SDWebImageSwiftUI */; };
		8A781DD42975141E00E554C6 /* CharacterView.swift in Sources */ = {isa = PBXBuildFile; fileRef = 8A781DD32975141E00E554C6 /* CharacterView.swift */; };
		8A781DD62975397300E554C6 /* MainListRowView.swift in Sources */ = {isa = PBXBuildFile; fileRef = 8A781DD52975397300E554C6 /* MainListRowView.swift */; };
		8AC245FE2974EA0000F63A64 /* RickAndMortyApp.swift in Sources */ = {isa = PBXBuildFile; fileRef = 8AC245FD2974EA0000F63A64 /* RickAndMortyApp.swift */; };
		8AC246002974EA0000F63A64 /* MainListView.swift in Sources */ = {isa = PBXBuildFile; fileRef = 8AC245FF2974EA0000F63A64 /* MainListView.swift */; };
		8AC246022974EA0100F63A64 /* Assets.xcassets in Resources */ = {isa = PBXBuildFile; fileRef = 8AC246012974EA0100F63A64 /* Assets.xcassets */; };
		8AC246132974EAB400F63A64 /* BaseView.swift in Sources */ = {isa = PBXBuildFile; fileRef = 8AC246122974EAB400F63A64 /* BaseView.swift */; };
		8AC246162974EC5600F63A64 /* Realm in Frameworks */ = {isa = PBXBuildFile; productRef = 8AC246152974EC5600F63A64 /* Realm */; };
		8AC246182974EC5600F63A64 /* RealmSwift in Frameworks */ = {isa = PBXBuildFile; productRef = 8AC246172974EC5600F63A64 /* RealmSwift */; };
		8AC2461C2974EC8B00F63A64 /* DatabaseService.swift in Sources */ = {isa = PBXBuildFile; fileRef = 8AC2461B2974EC8B00F63A64 /* DatabaseService.swift */; };
		8AC2461F2974ECAC00F63A64 /* DatabaseServiceModels.swift in Sources */ = {isa = PBXBuildFile; fileRef = 8AC2461E2974ECAC00F63A64 /* DatabaseServiceModels.swift */; };
		8AC246222974EDB000F63A64 /* APIService.swift in Sources */ = {isa = PBXBuildFile; fileRef = 8AC246212974EDB000F63A64 /* APIService.swift */; };
		8AC246242974EF1000F63A64 /* APIServicePath.swift in Sources */ = {isa = PBXBuildFile; fileRef = 8AC246232974EF1000F63A64 /* APIServicePath.swift */; };
		8AC246272974F10D00F63A64 /* APIServiceModels.swift in Sources */ = {isa = PBXBuildFile; fileRef = 8AC246262974F10D00F63A64 /* APIServiceModels.swift */; };
		8AC2462A2974F36700F63A64 /* MainListViewModel.swift in Sources */ = {isa = PBXBuildFile; fileRef = 8AC246292974F36700F63A64 /* MainListViewModel.swift */; };
		8AC2462D2974FAA600F63A64 /* APIServiceUtlity.swift in Sources */ = {isa = PBXBuildFile; fileRef = 8AC2462C2974FAA600F63A64 /* APIServiceUtlity.swift */; };
		8AEF60F42A2738AE0040CAE3 /* LoadingViewModifier.swift in Sources */ = {isa = PBXBuildFile; fileRef = 8AEF60F32A2738AE0040CAE3 /* LoadingViewModifier.swift */; };
/* End PBXBuildFile section */

/* Begin PBXFileReference section */
		8A781DD32975141E00E554C6 /* CharacterView.swift */ = {isa = PBXFileReference; lastKnownFileType = sourcecode.swift; path = CharacterView.swift; sourceTree = "<group>"; };
		8A781DD52975397300E554C6 /* MainListRowView.swift */ = {isa = PBXFileReference; lastKnownFileType = sourcecode.swift; path = MainListRowView.swift; sourceTree = "<group>"; };
		8AC245FA2974EA0000F63A64 /* RickAndMorty.app */ = {isa = PBXFileReference; explicitFileType = wrapper.application; includeInIndex = 0; path = RickAndMorty.app; sourceTree = BUILT_PRODUCTS_DIR; };
		8AC245FD2974EA0000F63A64 /* RickAndMortyApp.swift */ = {isa = PBXFileReference; lastKnownFileType = sourcecode.swift; path = RickAndMortyApp.swift; sourceTree = "<group>"; };
		8AC245FF2974EA0000F63A64 /* MainListView.swift */ = {isa = PBXFileReference; lastKnownFileType = sourcecode.swift; path = MainListView.swift; sourceTree = "<group>"; };
		8AC246012974EA0100F63A64 /* Assets.xcassets */ = {isa = PBXFileReference; lastKnownFileType = folder.assetcatalog; path = Assets.xcassets; sourceTree = "<group>"; };
		8AC246122974EAB400F63A64 /* BaseView.swift */ = {isa = PBXFileReference; lastKnownFileType = sourcecode.swift; path = BaseView.swift; sourceTree = "<group>"; };
		8AC2461B2974EC8B00F63A64 /* DatabaseService.swift */ = {isa = PBXFileReference; lastKnownFileType = sourcecode.swift; path = DatabaseService.swift; sourceTree = "<group>"; };
		8AC2461E2974ECAC00F63A64 /* DatabaseServiceModels.swift */ = {isa = PBXFileReference; lastKnownFileType = sourcecode.swift; path = DatabaseServiceModels.swift; sourceTree = "<group>"; };
		8AC246212974EDB000F63A64 /* APIService.swift */ = {isa = PBXFileReference; lastKnownFileType = sourcecode.swift; path = APIService.swift; sourceTree = "<group>"; };
		8AC246232974EF1000F63A64 /* APIServicePath.swift */ = {isa = PBXFileReference; lastKnownFileType = sourcecode.swift; path = APIServicePath.swift; sourceTree = "<group>"; };
		8AC246262974F10D00F63A64 /* APIServiceModels.swift */ = {isa = PBXFileReference; lastKnownFileType = sourcecode.swift; path = APIServiceModels.swift; sourceTree = "<group>"; };
		8AC246292974F36700F63A64 /* MainListViewModel.swift */ = {isa = PBXFileReference; lastKnownFileType = sourcecode.swift; path = MainListViewModel.swift; sourceTree = "<group>"; };
		8AC2462C2974FAA600F63A64 /* APIServiceUtlity.swift */ = {isa = PBXFileReference; lastKnownFileType = sourcecode.swift; path = APIServiceUtlity.swift; sourceTree = "<group>"; };
		8AEF60F32A2738AE0040CAE3 /* LoadingViewModifier.swift */ = {isa = PBXFileReference; fileEncoding = 4; lastKnownFileType = sourcecode.swift; path = LoadingViewModifier.swift; sourceTree = "<group>"; };
/* End PBXFileReference section */

/* Begin PBXFrameworksBuildPhase section */
		8AC245F72974EA0000F63A64 /* Frameworks */ = {
			isa = PBXFrameworksBuildPhase;
			buildActionMask = 2147483647;
			files = (
				8A4C232629753FDB0077A6B2 /* SDWebImageSwiftUI in Frameworks */,
				8AC246182974EC5600F63A64 /* RealmSwift in Frameworks */,
				8AC246162974EC5600F63A64 /* Realm in Frameworks */,
			);
			runOnlyForDeploymentPostprocessing = 0;
		};
/* End PBXFrameworksBuildPhase section */

/* Begin PBXGroup section */
		8A781DD1297513DA00E554C6 /* Character */ = {
			isa = PBXGroup;
			children = (
				8A781DD2297513E300E554C6 /* View */,
			);
			path = Character;
			sourceTree = "<group>";
		};
		8A781DD2297513E300E554C6 /* View */ = {
			isa = PBXGroup;
			children = (
				8A781DD32975141E00E554C6 /* CharacterView.swift */,
			);
			path = View;
			sourceTree = "<group>";
		};
		8AC245F12974EA0000F63A64 = {
			isa = PBXGroup;
			children = (
				8AC245FC2974EA0000F63A64 /* RickAndMorty */,
				8AC245FB2974EA0000F63A64 /* Products */,
			);
			sourceTree = "<group>";
		};
		8AC245FB2974EA0000F63A64 /* Products */ = {
			isa = PBXGroup;
			children = (
				8AC245FA2974EA0000F63A64 /* RickAndMorty.app */,
			);
			name = Products;
			sourceTree = "<group>";
		};
		8AC245FC2974EA0000F63A64 /* RickAndMorty */ = {
			isa = PBXGroup;
			children = (
				8AC246192974EC7B00F63A64 /* Services */,
				8AC2462B2974FA8B00F63A64 /* Utilities */,
				8AC2460C2974EA1300F63A64 /* App */,
				8AEF60F12A27389A0040CAE3 /* Components */,
				8AC2460B2974EA0A00F63A64 /* Scenes */,
				8AC2460E2974EA2A00F63A64 /* Resources */,
			);
			path = RickAndMorty;
			sourceTree = "<group>";
		};
		8AC2460B2974EA0A00F63A64 /* Scenes */ = {
			isa = PBXGroup;
			children = (
				8AC246102974EAAA00F63A64 /* Base */,
				8A781DD1297513DA00E554C6 /* Character */,
				8AC2460D2974EA1B00F63A64 /* MainList */,
			);
			path = Scenes;
			sourceTree = "<group>";
		};
		8AC2460C2974EA1300F63A64 /* App */ = {
			isa = PBXGroup;
			children = (
				8AC245FD2974EA0000F63A64 /* RickAndMortyApp.swift */,
			);
			path = App;
			sourceTree = "<group>";
		};
		8AC2460D2974EA1B00F63A64 /* MainList */ = {
			isa = PBXGroup;
			children = (
				8AC246282974F35A00F63A64 /* ViewModel */,
				8AC2460F2974EA3800F63A64 /* View */,
			);
			path = MainList;
			sourceTree = "<group>";
		};
		8AC2460E2974EA2A00F63A64 /* Resources */ = {
			isa = PBXGroup;
			children = (
				8AC246012974EA0100F63A64 /* Assets.xcassets */,
			);
			path = Resources;
			sourceTree = "<group>";
		};
		8AC2460F2974EA3800F63A64 /* View */ = {
			isa = PBXGroup;
			children = (
				8AC245FF2974EA0000F63A64 /* MainListView.swift */,
				8A781DD52975397300E554C6 /* MainListRowView.swift */,
			);
			path = View;
			sourceTree = "<group>";
		};
		8AC246102974EAAA00F63A64 /* Base */ = {
			isa = PBXGroup;
			children = (
				8AC246112974EAAE00F63A64 /* View */,
			);
			path = Base;
			sourceTree = "<group>";
		};
		8AC246112974EAAE00F63A64 /* View */ = {
			isa = PBXGroup;
			children = (
				8AC246122974EAB400F63A64 /* BaseView.swift */,
			);
			path = View;
			sourceTree = "<group>";
		};
		8AC246192974EC7B00F63A64 /* Services */ = {
			isa = PBXGroup;
			children = (
				8AC246202974EDA700F63A64 /* API */,
				8AC2461A2974EC7F00F63A64 /* Database */,
			);
			path = Services;
			sourceTree = "<group>";
		};
		8AC2461A2974EC7F00F63A64 /* Database */ = {
			isa = PBXGroup;
			children = (
				8AC2461B2974EC8B00F63A64 /* DatabaseService.swift */,
				8AC2461E2974ECAC00F63A64 /* DatabaseServiceModels.swift */,
			);
			path = Database;
			sourceTree = "<group>";
		};
		8AC246202974EDA700F63A64 /* API */ = {
			isa = PBXGroup;
			children = (
				8AC246212974EDB000F63A64 /* APIService.swift */,
				8AC246232974EF1000F63A64 /* APIServicePath.swift */,
				8AC246262974F10D00F63A64 /* APIServiceModels.swift */,
			);
			path = API;
			sourceTree = "<group>";
		};
		8AC246282974F35A00F63A64 /* ViewModel */ = {
			isa = PBXGroup;
			children = (
				8AC246292974F36700F63A64 /* MainListViewModel.swift */,
			);
			path = ViewModel;
			sourceTree = "<group>";
		};
		8AC2462B2974FA8B00F63A64 /* Utilities */ = {
			isa = PBXGroup;
			children = (
				8AC2462C2974FAA600F63A64 /* APIServiceUtlity.swift */,
			);
			path = Utilities;
			sourceTree = "<group>";
		};
		8AEF60F12A27389A0040CAE3 /* Components */ = {
			isa = PBXGroup;
			children = (
				8AEF60F22A2738A10040CAE3 /* ViewModifiers */,
			);
			path = Components;
			sourceTree = "<group>";
		};
		8AEF60F22A2738A10040CAE3 /* ViewModifiers */ = {
			isa = PBXGroup;
			children = (
				8AEF60F32A2738AE0040CAE3 /* LoadingViewModifier.swift */,
			);
			path = ViewModifiers;
			sourceTree = "<group>";
		};
/* End PBXGroup section */

/* Begin PBXNativeTarget section */
		8AC245F92974EA0000F63A64 /* RickAndMorty */ = {
			isa = PBXNativeTarget;
			buildConfigurationList = 8AC246082974EA0100F63A64 /* Build configuration list for PBXNativeTarget "RickAndMorty" */;
			buildPhases = (
				8AC245F62974EA0000F63A64 /* Sources */,
				8AC245F72974EA0000F63A64 /* Frameworks */,
				8AC245F82974EA0000F63A64 /* Resources */,
			);
			buildRules = (
			);
			dependencies = (
			);
			name = RickAndMorty;
			packageProductDependencies = (
				8AC246152974EC5600F63A64 /* Realm */,
				8AC246172974EC5600F63A64 /* RealmSwift */,
				8A4C232529753FDB0077A6B2 /* SDWebImageSwiftUI */,
			);
			productName = RickAndMorty;
			productReference = 8AC245FA2974EA0000F63A64 /* RickAndMorty.app */;
			productType = "com.apple.product-type.application";
		};
/* End PBXNativeTarget section */

/* Begin PBXProject section */
		8AC245F22974EA0000F63A64 /* Project object */ = {
			isa = PBXProject;
			attributes = {
				BuildIndependentTargetsInParallel = 1;
				LastSwiftUpdateCheck = 1420;
				LastUpgradeCheck = 1420;
				TargetAttributes = {
					8AC245F92974EA0000F63A64 = {
						CreatedOnToolsVersion = 14.2;
					};
				};
			};
			buildConfigurationList = 8AC245F52974EA0000F63A64 /* Build configuration list for PBXProject "RickAndMorty" */;
			compatibilityVersion = "Xcode 14.0";
			developmentRegion = en;
			hasScannedForEncodings = 0;
			knownRegions = (
				en,
				Base,
			);
			mainGroup = 8AC245F12974EA0000F63A64;
			packageReferences = (
				8AC246142974EC5600F63A64 /* XCRemoteSwiftPackageReference "realm-swift" */,
				8A4C232429753FDA0077A6B2 /* XCRemoteSwiftPackageReference "SDWebImageSwiftUI" */,
			);
			productRefGroup = 8AC245FB2974EA0000F63A64 /* Products */;
			projectDirPath = "";
			projectRoot = "";
			targets = (
				8AC245F92974EA0000F63A64 /* RickAndMorty */,
			);
		};
/* End PBXProject section */

/* Begin PBXResourcesBuildPhase section */
		8AC245F82974EA0000F63A64 /* Resources */ = {
			isa = PBXResourcesBuildPhase;
			buildActionMask = 2147483647;
			files = (
				8AC246022974EA0100F63A64 /* Assets.xcassets in Resources */,
			);
			runOnlyForDeploymentPostprocessing = 0;
		};
/* End PBXResourcesBuildPhase section */

/* Begin PBXSourcesBuildPhase section */
		8AC245F62974EA0000F63A64 /* Sources */ = {
			isa = PBXSourcesBuildPhase;
			buildActionMask = 2147483647;
			files = (
				8AC246272974F10D00F63A64 /* APIServiceModels.swift in Sources */,
				8AC246132974EAB400F63A64 /* BaseView.swift in Sources */,
				8AC2461F2974ECAC00F63A64 /* DatabaseServiceModels.swift in Sources */,
				8AC246002974EA0000F63A64 /* MainListView.swift in Sources */,
				8A781DD42975141E00E554C6 /* CharacterView.swift in Sources */,
				8A781DD62975397300E554C6 /* MainListRowView.swift in Sources */,
				8AC2462A2974F36700F63A64 /* MainListViewModel.swift in Sources */,
				8AC2462D2974FAA600F63A64 /* APIServiceUtlity.swift in Sources */,
				8AC2461C2974EC8B00F63A64 /* DatabaseService.swift in Sources */,
				8AC246242974EF1000F63A64 /* APIServicePath.swift in Sources */,
				8AC246222974EDB000F63A64 /* APIService.swift in Sources */,
				8AEF60F42A2738AE0040CAE3 /* LoadingViewModifier.swift in Sources */,
				8AC245FE2974EA0000F63A64 /* RickAndMortyApp.swift in Sources */,
			);
			runOnlyForDeploymentPostprocessing = 0;
		};
/* End PBXSourcesBuildPhase section */

/* Begin XCBuildConfiguration section */
		8AC246062974EA0100F63A64 /* Debug */ = {
			isa = XCBuildConfiguration;
			buildSettings = {
				ALWAYS_SEARCH_USER_PATHS = NO;
				CLANG_ANALYZER_NONNULL = YES;
				CLANG_ANALYZER_NUMBER_OBJECT_CONVERSION = YES_AGGRESSIVE;
				CLANG_CXX_LANGUAGE_STANDARD = "gnu++20";
				CLANG_ENABLE_MODULES = YES;
				CLANG_ENABLE_OBJC_ARC = YES;
				CLANG_ENABLE_OBJC_WEAK = YES;
				CLANG_WARN_BLOCK_CAPTURE_AUTORELEASING = YES;
				CLANG_WARN_BOOL_CONVERSION = YES;
				CLANG_WARN_COMMA = YES;
				CLANG_WARN_CONSTANT_CONVERSION = YES;
				CLANG_WARN_DEPRECATED_OBJC_IMPLEMENTATIONS = YES;
				CLANG_WARN_DIRECT_OBJC_ISA_USAGE = YES_ERROR;
				CLANG_WARN_DOCUMENTATION_COMMENTS = YES;
				CLANG_WARN_EMPTY_BODY = YES;
				CLANG_WARN_ENUM_CONVERSION = YES;
				CLANG_WARN_INFINITE_RECURSION = YES;
				CLANG_WARN_INT_CONVERSION = YES;
				CLANG_WARN_NON_LITERAL_NULL_CONVERSION = YES;
				CLANG_WARN_OBJC_IMPLICIT_RETAIN_SELF = YES;
				CLANG_WARN_OBJC_LITERAL_CONVERSION = YES;
				CLANG_WARN_OBJC_ROOT_CLASS = YES_ERROR;
				CLANG_WARN_QUOTED_INCLUDE_IN_FRAMEWORK_HEADER = YES;
				CLANG_WARN_RANGE_LOOP_ANALYSIS = YES;
				CLANG_WARN_STRICT_PROTOTYPES = YES;
				CLANG_WARN_SUSPICIOUS_MOVE = YES;
				CLANG_WARN_UNGUARDED_AVAILABILITY = YES_AGGRESSIVE;
				CLANG_WARN_UNREACHABLE_CODE = YES;
				CLANG_WARN__DUPLICATE_METHOD_MATCH = YES;
				COPY_PHASE_STRIP = NO;
				DEBUG_INFORMATION_FORMAT = dwarf;
				ENABLE_STRICT_OBJC_MSGSEND = YES;
				ENABLE_TESTABILITY = YES;
				GCC_C_LANGUAGE_STANDARD = gnu11;
				GCC_DYNAMIC_NO_PIC = NO;
				GCC_NO_COMMON_BLOCKS = YES;
				GCC_OPTIMIZATION_LEVEL = 0;
				GCC_PREPROCESSOR_DEFINITIONS = (
					"DEBUG=1",
					"$(inherited)",
				);
				GCC_WARN_64_TO_32_BIT_CONVERSION = YES;
				GCC_WARN_ABOUT_RETURN_TYPE = YES_ERROR;
				GCC_WARN_UNDECLARED_SELECTOR = YES;
				GCC_WARN_UNINITIALIZED_AUTOS = YES_AGGRESSIVE;
				GCC_WARN_UNUSED_FUNCTION = YES;
				GCC_WARN_UNUSED_VARIABLE = YES;
				IPHONEOS_DEPLOYMENT_TARGET = 16.2;
				MTL_ENABLE_DEBUG_INFO = INCLUDE_SOURCE;
				MTL_FAST_MATH = YES;
				ONLY_ACTIVE_ARCH = YES;
				SDKROOT = iphoneos;
				SWIFT_ACTIVE_COMPILATION_CONDITIONS = DEBUG;
				SWIFT_OPTIMIZATION_LEVEL = "-Onone";
			};
			name = Debug;
		};
		8AC246072974EA0100F63A64 /* Release */ = {
			isa = XCBuildConfiguration;
			buildSettings = {
				ALWAYS_SEARCH_USER_PATHS = NO;
				CLANG_ANALYZER_NONNULL = YES;
				CLANG_ANALYZER_NUMBER_OBJECT_CONVERSION = YES_AGGRESSIVE;
				CLANG_CXX_LANGUAGE_STANDARD = "gnu++20";
				CLANG_ENABLE_MODULES = YES;
				CLANG_ENABLE_OBJC_ARC = YES;
				CLANG_ENABLE_OBJC_WEAK = YES;
				CLANG_WARN_BLOCK_CAPTURE_AUTORELEASING = YES;
				CLANG_WARN_BOOL_CONVERSION = YES;
				CLANG_WARN_COMMA = YES;
				CLANG_WARN_CONSTANT_CONVERSION = YES;
				CLANG_WARN_DEPRECATED_OBJC_IMPLEMENTATIONS = YES;
				CLANG_WARN_DIRECT_OBJC_ISA_USAGE = YES_ERROR;
				CLANG_WARN_DOCUMENTATION_COMMENTS = YES;
				CLANG_WARN_EMPTY_BODY = YES;
				CLANG_WARN_ENUM_CONVERSION = YES;
				CLANG_WARN_INFINITE_RECURSION = YES;
				CLANG_WARN_INT_CONVERSION = YES;
				CLANG_WARN_NON_LITERAL_NULL_CONVERSION = YES;
				CLANG_WARN_OBJC_IMPLICIT_RETAIN_SELF = YES;
				CLANG_WARN_OBJC_LITERAL_CONVERSION = YES;
				CLANG_WARN_OBJC_ROOT_CLASS = YES_ERROR;
				CLANG_WARN_QUOTED_INCLUDE_IN_FRAMEWORK_HEADER = YES;
				CLANG_WARN_RANGE_LOOP_ANALYSIS = YES;
				CLANG_WARN_STRICT_PROTOTYPES = YES;
				CLANG_WARN_SUSPICIOUS_MOVE = YES;
				CLANG_WARN_UNGUARDED_AVAILABILITY = YES_AGGRESSIVE;
				CLANG_WARN_UNREACHABLE_CODE = YES;
				CLANG_WARN__DUPLICATE_METHOD_MATCH = YES;
				COPY_PHASE_STRIP = NO;
				DEBUG_INFORMATION_FORMAT = "dwarf-with-dsym";
				ENABLE_NS_ASSERTIONS = NO;
				ENABLE_STRICT_OBJC_MSGSEND = YES;
				GCC_C_LANGUAGE_STANDARD = gnu11;
				GCC_NO_COMMON_BLOCKS = YES;
				GCC_WARN_64_TO_32_BIT_CONVERSION = YES;
				GCC_WARN_ABOUT_RETURN_TYPE = YES_ERROR;
				GCC_WARN_UNDECLARED_SELECTOR = YES;
				GCC_WARN_UNINITIALIZED_AUTOS = YES_AGGRESSIVE;
				GCC_WARN_UNUSED_FUNCTION = YES;
				GCC_WARN_UNUSED_VARIABLE = YES;
				IPHONEOS_DEPLOYMENT_TARGET = 16.2;
				MTL_ENABLE_DEBUG_INFO = NO;
				MTL_FAST_MATH = YES;
				SDKROOT = iphoneos;
				SWIFT_COMPILATION_MODE = wholemodule;
				SWIFT_OPTIMIZATION_LEVEL = "-O";
				VALIDATE_PRODUCT = YES;
			};
			name = Release;
		};
		8AC246092974EA0100F63A64 /* Debug */ = {
			isa = XCBuildConfiguration;
			buildSettings = {
				ASSETCATALOG_COMPILER_APPICON_NAME = AppIcon;
				ASSETCATALOG_COMPILER_GLOBAL_ACCENT_COLOR_NAME = AccentColor;
				CODE_SIGN_STYLE = Automatic;
				CURRENT_PROJECT_VERSION = 1;
				DEVELOPMENT_TEAM = N5B9GF7SPN;
				ENABLE_PREVIEWS = YES;
				GENERATE_INFOPLIST_FILE = YES;
				INFOPLIST_KEY_UIApplicationSceneManifest_Generation = YES;
				INFOPLIST_KEY_UIApplicationSupportsIndirectInputEvents = YES;
				INFOPLIST_KEY_UILaunchScreen_Generation = YES;
				INFOPLIST_KEY_UISupportedInterfaceOrientations = UIInterfaceOrientationPortrait;
				IPHONEOS_DEPLOYMENT_TARGET = 16.0;
				LD_RUNPATH_SEARCH_PATHS = (
					"$(inherited)",
					"@executable_path/Frameworks",
				);
				MARKETING_VERSION = 1.0;
				OTHER_SWIFT_FLAGS = "";
				PRODUCT_BUNDLE_IDENTIFIER = com.vncsnts.RickAndMorty;
				PRODUCT_NAME = "$(TARGET_NAME)";
				SUPPORTED_PLATFORMS = "iphoneos iphonesimulator";
				SUPPORTS_MACCATALYST = NO;
				SUPPORTS_MAC_DESIGNED_FOR_IPHONE_IPAD = NO;
				SWIFT_EMIT_LOC_STRINGS = YES;
				SWIFT_STRICT_CONCURRENCY = minimal;
				SWIFT_VERSION = 5.0;
				TARGETED_DEVICE_FAMILY = "1,2";
			};
			name = Debug;
		};
		8AC2460A2974EA0100F63A64 /* Release */ = {
			isa = XCBuildConfiguration;
			buildSettings = {
				ASSETCATALOG_COMPILER_APPICON_NAME = AppIcon;
				ASSETCATALOG_COMPILER_GLOBAL_ACCENT_COLOR_NAME = AccentColor;
				CODE_SIGN_STYLE = Automatic;
				CURRENT_PROJECT_VERSION = 1;
				DEVELOPMENT_TEAM = N5B9GF7SPN;
				ENABLE_PREVIEWS = YES;
				GENERATE_INFOPLIST_FILE = YES;
				INFOPLIST_KEY_UIApplicationSceneManifest_Generation = YES;
				INFOPLIST_KEY_UIApplicationSupportsIndirectInputEvents = YES;
				INFOPLIST_KEY_UILaunchScreen_Generation = YES;
				INFOPLIST_KEY_UISupportedInterfaceOrientations = UIInterfaceOrientationPortrait;
				IPHONEOS_DEPLOYMENT_TARGET = 16.0;
				LD_RUNPATH_SEARCH_PATHS = (
					"$(inherited)",
					"@executable_path/Frameworks",
				);
				MARKETING_VERSION = 1.0;
				OTHER_SWIFT_FLAGS = "";
				PRODUCT_BUNDLE_IDENTIFIER = com.vncsnts.RickAndMorty;
				PRODUCT_NAME = "$(TARGET_NAME)";
				SUPPORTED_PLATFORMS = "iphoneos iphonesimulator";
				SUPPORTS_MACCATALYST = NO;
				SUPPORTS_MAC_DESIGNED_FOR_IPHONE_IPAD = NO;
				SWIFT_EMIT_LOC_STRINGS = YES;
				SWIFT_STRICT_CONCURRENCY = minimal;
				SWIFT_VERSION = 5.0;
				TARGETED_DEVICE_FAMILY = "1,2";
			};
			name = Release;
		};
/* End XCBuildConfiguration section */

/* Begin XCConfigurationList section */
		8AC245F52974EA0000F63A64 /* Build configuration list for PBXProject "RickAndMorty" */ = {
			isa = XCConfigurationList;
			buildConfigurations = (
				8AC246062974EA0100F63A64 /* Debug */,
				8AC246072974EA0100F63A64 /* Release */,
			);
			defaultConfigurationIsVisible = 0;
			defaultConfigurationName = Release;
		};
		8AC246082974EA0100F63A64 /* Build configuration list for PBXNativeTarget "RickAndMorty" */ = {
			isa = XCConfigurationList;
			buildConfigurations = (
				8AC246092974EA0100F63A64 /* Debug */,
				8AC2460A2974EA0100F63A64 /* Release */,
			);
			defaultConfigurationIsVisible = 0;
			defaultConfigurationName = Release;
		};
/* End XCConfigurationList section */

/* Begin XCRemoteSwiftPackageReference section */
		8A4C232429753FDA0077A6B2 /* XCRemoteSwiftPackageReference "SDWebImageSwiftUI" */ = {
			isa = XCRemoteSwiftPackageReference;
			repositoryURL = "https://github.com/SDWebImage/SDWebImageSwiftUI";
			requirement = {
				kind = upToNextMajorVersion;
				minimumVersion = 2.0.0;
			};
		};
		8AC246142974EC5600F63A64 /* XCRemoteSwiftPackageReference "realm-swift" */ = {
			isa = XCRemoteSwiftPackageReference;
			repositoryURL = "https://github.com/realm/realm-swift.git";
			requirement = {
				kind = upToNextMajorVersion;
				minimumVersion = 10.34.0;
			};
		};
/* End XCRemoteSwiftPackageReference section */

/* Begin XCSwiftPackageProductDependency section */
		8A4C232529753FDB0077A6B2 /* SDWebImageSwiftUI */ = {
			isa = XCSwiftPackageProductDependency;
			package = 8A4C232429753FDA0077A6B2 /* XCRemoteSwiftPackageReference "SDWebImageSwiftUI" */;
			productName = SDWebImageSwiftUI;
		};
		8AC246152974EC5600F63A64 /* Realm */ = {
			isa = XCSwiftPackageProductDependency;
			package = 8AC246142974EC5600F63A64 /* XCRemoteSwiftPackageReference "realm-swift" */;
			productName = Realm;
		};
		8AC246172974EC5600F63A64 /* RealmSwift */ = {
			isa = XCSwiftPackageProductDependency;
			package = 8AC246142974EC5600F63A64 /* XCRemoteSwiftPackageReference "realm-swift" */;
			productName = RealmSwift;
		};
/* End XCSwiftPackageProductDependency section */
	};
	rootObject = 8AC245F22974EA0000F63A64 /* Project object */;
}
